// !$*UTF8*$!
{
	archiveVersion = 1;
	classes = {
	};
	objectVersion = 46;
	objects = {

/* Begin PBXBuildFile section */
		018B775A1ECD5D76003E25AF /* AppDelegate.swift in Sources */ = {isa = PBXBuildFile; fileRef = 018B77591ECD5D76003E25AF /* AppDelegate.swift */; };
		018B775C1ECD5D76003E25AF /* ViewController.swift in Sources */ = {isa = PBXBuildFile; fileRef = 018B775B1ECD5D76003E25AF /* ViewController.swift */; };
		018B775F1ECD5D76003E25AF /* Main.storyboard in Resources */ = {isa = PBXBuildFile; fileRef = 018B775D1ECD5D76003E25AF /* Main.storyboard */; };
		018B77611ECD5D76003E25AF /* Assets.xcassets in Resources */ = {isa = PBXBuildFile; fileRef = 018B77601ECD5D76003E25AF /* Assets.xcassets */; };
		018B77641ECD5D76003E25AF /* LaunchScreen.storyboard in Resources */ = {isa = PBXBuildFile; fileRef = 018B77621ECD5D76003E25AF /* LaunchScreen.storyboard */; };
		018B776F1ECD5D76003E25AF /* CrapsMobileTests.swift in Sources */ = {isa = PBXBuildFile; fileRef = 018B776E1ECD5D76003E25AF /* CrapsMobileTests.swift */; };
		018B777A1ECD5D77003E25AF /* CrapsMobileUITests.swift in Sources */ = {isa = PBXBuildFile; fileRef = 018B77791ECD5D77003E25AF /* CrapsMobileUITests.swift */; };
		018FEBC71ECE9632006F72C3 /* GameController.swift in Sources */ = {isa = PBXBuildFile; fileRef = 018FEBC61ECE9632006F72C3 /* GameController.swift */; };
/* End PBXBuildFile section */

/* Begin PBXContainerItemProxy section */
		018B776B1ECD5D76003E25AF /* PBXContainerItemProxy */ = {
			isa = PBXContainerItemProxy;
			containerPortal = 018B774E1ECD5D76003E25AF /* Project object */;
			proxyType = 1;
			remoteGlobalIDString = 018B77551ECD5D76003E25AF;
			remoteInfo = CrapsMobile;
		};
		018B77761ECD5D77003E25AF /* PBXContainerItemProxy */ = {
			isa = PBXContainerItemProxy;
			containerPortal = 018B774E1ECD5D76003E25AF /* Project object */;
			proxyType = 1;
			remoteGlobalIDString = 018B77551ECD5D76003E25AF;
			remoteInfo = CrapsMobile;
		};
/* End PBXContainerItemProxy section */

/* Begin PBXFileReference section */
		018B77561ECD5D76003E25AF /* CrapsMobile.app */ = {isa = PBXFileReference; explicitFileType = wrapper.application; includeInIndex = 0; path = CrapsMobile.app; sourceTree = BUILT_PRODUCTS_DIR; };
		018B77591ECD5D76003E25AF /* AppDelegate.swift */ = {isa = PBXFileReference; lastKnownFileType = sourcecode.swift; path = AppDelegate.swift; sourceTree = "<group>"; };
		018B775B1ECD5D76003E25AF /* ViewController.swift */ = {isa = PBXFileReference; lastKnownFileType = sourcecode.swift; path = ViewController.swift; sourceTree = "<group>"; };
		018B775E1ECD5D76003E25AF /* Base */ = {isa = PBXFileReference; lastKnownFileType = file.storyboard; name = Base; path = Base.lproj/Main.storyboard; sourceTree = "<group>"; };
		018B77601ECD5D76003E25AF /* Assets.xcassets */ = {isa = PBXFileReference; lastKnownFileType = folder.assetcatalog; path = Assets.xcassets; sourceTree = "<group>"; };
		018B77631ECD5D76003E25AF /* Base */ = {isa = PBXFileReference; lastKnownFileType = file.storyboard; name = Base; path = Base.lproj/LaunchScreen.storyboard; sourceTree = "<group>"; };
		018B77651ECD5D76003E25AF /* Info.plist */ = {isa = PBXFileReference; lastKnownFileType = text.plist.xml; path = Info.plist; sourceTree = "<group>"; };
		018B776A1ECD5D76003E25AF /* CrapsMobileTests.xctest */ = {isa = PBXFileReference; explicitFileType = wrapper.cfbundle; includeInIndex = 0; path = CrapsMobileTests.xctest; sourceTree = BUILT_PRODUCTS_DIR; };
		018B776E1ECD5D76003E25AF /* CrapsMobileTests.swift */ = {isa = PBXFileReference; lastKnownFileType = sourcecode.swift; path = CrapsMobileTests.swift; sourceTree = "<group>"; };
		018B77701ECD5D77003E25AF /* Info.plist */ = {isa = PBXFileReference; lastKnownFileType = text.plist.xml; path = Info.plist; sourceTree = "<group>"; };
		018B77751ECD5D77003E25AF /* CrapsMobileUITests.xctest */ = {isa = PBXFileReference; explicitFileType = wrapper.cfbundle; includeInIndex = 0; path = CrapsMobileUITests.xctest; sourceTree = BUILT_PRODUCTS_DIR; };
		018B77791ECD5D77003E25AF /* CrapsMobileUITests.swift */ = {isa = PBXFileReference; lastKnownFileType = sourcecode.swift; path = CrapsMobileUITests.swift; sourceTree = "<group>"; };
		018B777B1ECD5D77003E25AF /* Info.plist */ = {isa = PBXFileReference; lastKnownFileType = text.plist.xml; path = Info.plist; sourceTree = "<group>"; };
		018FEBC61ECE9632006F72C3 /* GameController.swift */ = {isa = PBXFileReference; fileEncoding = 4; lastKnownFileType = sourcecode.swift; path = GameController.swift; sourceTree = "<group>"; };
/* End PBXFileReference section */

/* Begin PBXFrameworksBuildPhase section */
		018B77531ECD5D76003E25AF /* Frameworks */ = {
			isa = PBXFrameworksBuildPhase;
			buildActionMask = 2147483647;
			files = (
			);
			runOnlyForDeploymentPostprocessing = 0;
		};
		018B77671ECD5D76003E25AF /* Frameworks */ = {
			isa = PBXFrameworksBuildPhase;
			buildActionMask = 2147483647;
			files = (
			);
			runOnlyForDeploymentPostprocessing = 0;
		};
		018B77721ECD5D77003E25AF /* Frameworks */ = {
			isa = PBXFrameworksBuildPhase;
			buildActionMask = 2147483647;
			files = (
			);
			runOnlyForDeploymentPostprocessing = 0;
		};
/* End PBXFrameworksBuildPhase section */

/* Begin PBXGroup section */
		018B774D1ECD5D76003E25AF = {
			isa = PBXGroup;
			children = (
				018B77581ECD5D76003E25AF /* CrapsMobile */,
				018B776D1ECD5D76003E25AF /* CrapsMobileTests */,
				018B77781ECD5D77003E25AF /* CrapsMobileUITests */,
				018B77571ECD5D76003E25AF /* Products */,
			);
			sourceTree = "<group>";
		};
		018B77571ECD5D76003E25AF /* Products */ = {
			isa = PBXGroup;
			children = (
				018B77561ECD5D76003E25AF /* CrapsMobile.app */,
				018B776A1ECD5D76003E25AF /* CrapsMobileTests.xctest */,
				018B77751ECD5D77003E25AF /* CrapsMobileUITests.xctest */,
			);
			name = Products;
			sourceTree = "<group>";
		};
		018B77581ECD5D76003E25AF /* CrapsMobile */ = {
			isa = PBXGroup;
			children = (
				018B77591ECD5D76003E25AF /* AppDelegate.swift */,
				018B775B1ECD5D76003E25AF /* ViewController.swift */,
				018B775D1ECD5D76003E25AF /* Main.storyboard */,
				018B77601ECD5D76003E25AF /* Assets.xcassets */,
				018B77621ECD5D76003E25AF /* LaunchScreen.storyboard */,
				018B77651ECD5D76003E25AF /* Info.plist */,
				018FEBC61ECE9632006F72C3 /* GameController.swift */,
			);
			path = CrapsMobile;
			sourceTree = "<group>";
		};
		018B776D1ECD5D76003E25AF /* CrapsMobileTests */ = {
			isa = PBXGroup;
			children = (
				018B776E1ECD5D76003E25AF /* CrapsMobileTests.swift */,
				018B77701ECD5D77003E25AF /* Info.plist */,
			);
			path = CrapsMobileTests;
			sourceTree = "<group>";
		};
		018B77781ECD5D77003E25AF /* CrapsMobileUITests */ = {
			isa = PBXGroup;
			children = (
				018B77791ECD5D77003E25AF /* CrapsMobileUITests.swift */,
				018B777B1ECD5D77003E25AF /* Info.plist */,
			);
			path = CrapsMobileUITests;
			sourceTree = "<group>";
		};
/* End PBXGroup section */

/* Begin PBXNativeTarget section */
		018B77551ECD5D76003E25AF /* CrapsMobile */ = {
			isa = PBXNativeTarget;
			buildConfigurationList = 018B777E1ECD5D77003E25AF /* Build configuration list for PBXNativeTarget "CrapsMobile" */;
			buildPhases = (
				018B77521ECD5D76003E25AF /* Sources */,
				018B77531ECD5D76003E25AF /* Frameworks */,
				018B77541ECD5D76003E25AF /* Resources */,
			);
			buildRules = (
			);
			dependencies = (
			);
			name = CrapsMobile;
			productName = CrapsMobile;
			productReference = 018B77561ECD5D76003E25AF /* CrapsMobile.app */;
			productType = "com.apple.product-type.application";
		};
		018B77691ECD5D76003E25AF /* CrapsMobileTests */ = {
			isa = PBXNativeTarget;
			buildConfigurationList = 018B77811ECD5D77003E25AF /* Build configuration list for PBXNativeTarget "CrapsMobileTests" */;
			buildPhases = (
				018B77661ECD5D76003E25AF /* Sources */,
				018B77671ECD5D76003E25AF /* Frameworks */,
				018B77681ECD5D76003E25AF /* Resources */,
			);
			buildRules = (
			);
			dependencies = (
				018B776C1ECD5D76003E25AF /* PBXTargetDependency */,
			);
			name = CrapsMobileTests;
			productName = CrapsMobileTests;
			productReference = 018B776A1ECD5D76003E25AF /* CrapsMobileTests.xctest */;
			productType = "com.apple.product-type.bundle.unit-test";
		};
		018B77741ECD5D77003E25AF /* CrapsMobileUITests */ = {
			isa = PBXNativeTarget;
			buildConfigurationList = 018B77841ECD5D77003E25AF /* Build configuration list for PBXNativeTarget "CrapsMobileUITests" */;
			buildPhases = (
				018B77711ECD5D77003E25AF /* Sources */,
				018B77721ECD5D77003E25AF /* Frameworks */,
				018B77731ECD5D77003E25AF /* Resources */,
			);
			buildRules = (
			);
			dependencies = (
				018B77771ECD5D77003E25AF /* PBXTargetDependency */,
			);
			name = CrapsMobileUITests;
			productName = CrapsMobileUITests;
			productReference = 018B77751ECD5D77003E25AF /* CrapsMobileUITests.xctest */;
			productType = "com.apple.product-type.bundle.ui-testing";
		};
/* End PBXNativeTarget section */

/* Begin PBXProject section */
		018B774E1ECD5D76003E25AF /* Project object */ = {
			isa = PBXProject;
			attributes = {
				LastSwiftUpdateCheck = 0830;
				LastUpgradeCheck = 0830;
				ORGANIZATIONNAME = Sabring;
				TargetAttributes = {
					018B77551ECD5D76003E25AF = {
						CreatedOnToolsVersion = 8.3.2;
						ProvisioningStyle = Automatic;
					};
					018B77691ECD5D76003E25AF = {
						CreatedOnToolsVersion = 8.3.2;
						ProvisioningStyle = Automatic;
						TestTargetID = 018B77551ECD5D76003E25AF;
					};
					018B77741ECD5D77003E25AF = {
						CreatedOnToolsVersion = 8.3.2;
						ProvisioningStyle = Automatic;
						TestTargetID = 018B77551ECD5D76003E25AF;
					};
				};
			};
			buildConfigurationList = 018B77511ECD5D76003E25AF /* Build configuration list for PBXProject "CrapsMobile" */;
			compatibilityVersion = "Xcode 3.2";
			developmentRegion = English;
			hasScannedForEncodings = 0;
			knownRegions = (
				en,
				Base,
			);
			mainGroup = 018B774D1ECD5D76003E25AF;
			productRefGroup = 018B77571ECD5D76003E25AF /* Products */;
			projectDirPath = "";
			projectRoot = "";
			targets = (
				018B77551ECD5D76003E25AF /* CrapsMobile */,
				018B77691ECD5D76003E25AF /* CrapsMobileTests */,
				018B77741ECD5D77003E25AF /* CrapsMobileUITests */,
			);
		};
/* End PBXProject section */

/* Begin PBXResourcesBuildPhase section */
		018B77541ECD5D76003E25AF /* Resources */ = {
			isa = PBXResourcesBuildPhase;
			buildActionMask = 2147483647;
			files = (
				018B77641ECD5D76003E25AF /* LaunchScreen.storyboard in Resources */,
				018B77611ECD5D76003E25AF /* Assets.xcassets in Resources */,
				018B775F1ECD5D76003E25AF /* Main.storyboard in Resources */,
			);
			runOnlyForDeploymentPostprocessing = 0;
		};
		018B77681ECD5D76003E25AF /* Resources */ = {
			isa = PBXResourcesBuildPhase;
			buildActionMask = 2147483647;
			files = (
			);
			runOnlyForDeploymentPostprocessing = 0;
		};
		018B77731ECD5D77003E25AF /* Resources */ = {
			isa = PBXResourcesBuildPhase;
			buildActionMask = 2147483647;
			files = (
			);
			runOnlyForDeploymentPostprocessing = 0;
		};
/* End PBXResourcesBuildPhase section */

/* Begin PBXSourcesBuildPhase section */
		018B77521ECD5D76003E25AF /* Sources */ = {
			isa = PBXSourcesBuildPhase;
			buildActionMask = 2147483647;
			files = (
				018B775C1ECD5D76003E25AF /* ViewController.swift in Sources */,
				018FEBC71ECE9632006F72C3 /* GameController.swift in Sources */,
				018B775A1ECD5D76003E25AF /* AppDelegate.swift in Sources */,
			);
			runOnlyForDeploymentPostprocessing = 0;
		};
		018B77661ECD5D76003E25AF /* Sources */ = {
			isa = PBXSourcesBuildPhase;
			buildActionMask = 2147483647;
			files = (
				018B776F1ECD5D76003E25AF /* CrapsMobileTests.swift in Sources */,
			);
			runOnlyForDeploymentPostprocessing = 0;
		};
		018B77711ECD5D77003E25AF /* Sources */ = {
			isa = PBXSourcesBuildPhase;
			buildActionMask = 2147483647;
			files = (
				018B777A1ECD5D77003E25AF /* CrapsMobileUITests.swift in Sources */,
			);
			runOnlyForDeploymentPostprocessing = 0;
		};
/* End PBXSourcesBuildPhase section */

/* Begin PBXTargetDependency section */
		018B776C1ECD5D76003E25AF /* PBXTargetDependency */ = {
			isa = PBXTargetDependency;
			target = 018B77551ECD5D76003E25AF /* CrapsMobile */;
			targetProxy = 018B776B1ECD5D76003E25AF /* PBXContainerItemProxy */;
		};
		018B77771ECD5D77003E25AF /* PBXTargetDependency */ = {
			isa = PBXTargetDependency;
			target = 018B77551ECD5D76003E25AF /* CrapsMobile */;
			targetProxy = 018B77761ECD5D77003E25AF /* PBXContainerItemProxy */;
		};
/* End PBXTargetDependency section */

/* Begin PBXVariantGroup section */
		018B775D1ECD5D76003E25AF /* Main.storyboard */ = {
			isa = PBXVariantGroup;
			children = (
				018B775E1ECD5D76003E25AF /* Base */,
			);
			name = Main.storyboard;
			sourceTree = "<group>";
		};
		018B77621ECD5D76003E25AF /* LaunchScreen.storyboard */ = {
			isa = PBXVariantGroup;
			children = (
				018B77631ECD5D76003E25AF /* Base */,
			);
			name = LaunchScreen.storyboard;
			sourceTree = "<group>";
		};
/* End PBXVariantGroup section */

/* Begin XCBuildConfiguration section */
		018B777C1ECD5D77003E25AF /* Debug */ = {
			isa = XCBuildConfiguration;
			buildSettings = {
				ALWAYS_SEARCH_USER_PATHS = NO;
				CLANG_ANALYZER_NONNULL = YES;
				CLANG_ANALYZER_NUMBER_OBJECT_CONVERSION = YES_AGGRESSIVE;
				CLANG_CXX_LANGUAGE_STANDARD = "gnu++0x";
				CLANG_CXX_LIBRARY = "libc++";
				CLANG_ENABLE_MODULES = YES;
				CLANG_ENABLE_OBJC_ARC = YES;
				CLANG_WARN_BOOL_CONVERSION = YES;
				CLANG_WARN_CONSTANT_CONVERSION = YES;
				CLANG_WARN_DIRECT_OBJC_ISA_USAGE = YES_ERROR;
				CLANG_WARN_DOCUMENTATION_COMMENTS = YES;
				CLANG_WARN_EMPTY_BODY = YES;
				CLANG_WARN_ENUM_CONVERSION = YES;
				CLANG_WARN_INFINITE_RECURSION = YES;
				CLANG_WARN_INT_CONVERSION = YES;
				CLANG_WARN_OBJC_ROOT_CLASS = YES_ERROR;
				CLANG_WARN_SUSPICIOUS_MOVE = YES;
				CLANG_WARN_UNREACHABLE_CODE = YES;
				CLANG_WARN__DUPLICATE_METHOD_MATCH = YES;
				"CODE_SIGN_IDENTITY[sdk=iphoneos*]" = "iPhone Developer";
				COPY_PHASE_STRIP = NO;
				DEBUG_INFORMATION_FORMAT = dwarf;
				ENABLE_STRICT_OBJC_MSGSEND = YES;
				ENABLE_TESTABILITY = YES;
				GCC_C_LANGUAGE_STANDARD = gnu99;
				GCC_DYNAMIC_NO_PIC = NO;
				GCC_NO_COMMON_BLOCKS = YES;
				GCC_OPTIMIZATION_LEVEL = 0;
				GCC_PREPROCESSOR_DEFINITIONS = (
					"DEBUG=1",
					"$(inherited)",
				);
				GCC_WARN_64_TO_32_BIT_CONVERSION = YES;
				GCC_WARN_ABOUT_RETURN_TYPE = YES_ERROR;
				GCC_WARN_UNDECLARED_SELECTOR = YES;
				GCC_WARN_UNINITIALIZED_AUTOS = YES_AGGRESSIVE;
				GCC_WARN_UNUSED_FUNCTION = YES;
				GCC_WARN_UNUSED_VARIABLE = YES;
				IPHONEOS_DEPLOYMENT_TARGET = 10.3;
				MTL_ENABLE_DEBUG_INFO = YES;
				ONLY_ACTIVE_ARCH = YES;
				SDKROOT = iphoneos;
				SWIFT_ACTIVE_COMPILATION_CONDITIONS = DEBUG;
				SWIFT_OPTIMIZATION_LEVEL = "-Onone";
				TARGETED_DEVICE_FAMILY = "1,2";
			};
			name = Debug;
		};
		018B777D1ECD5D77003E25AF /* Release */ = {
			isa = XCBuildConfiguration;
			buildSettings = {
				ALWAYS_SEARCH_USER_PATHS = NO;
				CLANG_ANALYZER_NONNULL = YES;
				CLANG_ANALYZER_NUMBER_OBJECT_CONVERSION = YES_AGGRESSIVE;
				CLANG_CXX_LANGUAGE_STANDARD = "gnu++0x";
				CLANG_CXX_LIBRARY = "libc++";
				CLANG_ENABLE_MODULES = YES;
				CLANG_ENABLE_OBJC_ARC = YES;
				CLANG_WARN_BOOL_CONVERSION = YES;
				CLANG_WARN_CONSTANT_CONVERSION = YES;
				CLANG_WARN_DIRECT_OBJC_ISA_USAGE = YES_ERROR;
				CLANG_WARN_DOCUMENTATION_COMMENTS = YES;
				CLANG_WARN_EMPTY_BODY = YES;
				CLANG_WARN_ENUM_CONVERSION = YES;
				CLANG_WARN_INFINITE_RECURSION = YES;
				CLANG_WARN_INT_CONVERSION = YES;
				CLANG_WARN_OBJC_ROOT_CLASS = YES_ERROR;
				CLANG_WARN_SUSPICIOUS_MOVE = YES;
				CLANG_WARN_UNREACHABLE_CODE = YES;
				CLANG_WARN__DUPLICATE_METHOD_MATCH = YES;
				"CODE_SIGN_IDENTITY[sdk=iphoneos*]" = "iPhone Developer";
				COPY_PHASE_STRIP = NO;
				DEBUG_INFORMATION_FORMAT = "dwarf-with-dsym";
				ENABLE_NS_ASSERTIONS = NO;
				ENABLE_STRICT_OBJC_MSGSEND = YES;
				GCC_C_LANGUAGE_STANDARD = gnu99;
				GCC_NO_COMMON_BLOCKS = YES;
				GCC_WARN_64_TO_32_BIT_CONVERSION = YES;
				GCC_WARN_ABOUT_RETURN_TYPE = YES_ERROR;
				GCC_WARN_UNDECLARED_SELECTOR = YES;
				GCC_WARN_UNINITIALIZED_AUTOS = YES_AGGRESSIVE;
				GCC_WARN_UNUSED_FUNCTION = YES;
				GCC_WARN_UNUSED_VARIABLE = YES;
				IPHONEOS_DEPLOYMENT_TARGET = 10.3;
				MTL_ENABLE_DEBUG_INFO = NO;
				SDKROOT = iphoneos;
				SWIFT_OPTIMIZATION_LEVEL = "-Owholemodule";
				TARGETED_DEVICE_FAMILY = "1,2";
				VALIDATE_PRODUCT = YES;
			};
			name = Release;
		};
		018B777F1ECD5D77003E25AF /* Debug */ = {
			isa = XCBuildConfiguration;
			buildSettings = {
				ASSETCATALOG_COMPILER_APPICON_NAME = AppIcon;
				INFOPLIST_FILE = CrapsMobile/Info.plist;
				LD_RUNPATH_SEARCH_PATHS = "$(inherited) @executable_path/Frameworks";
				PRODUCT_BUNDLE_IDENTIFIER = com.sabring.CrapsMobile;
				PRODUCT_NAME = "$(TARGET_NAME)";
				SWIFT_VERSION = 3.0;
			};
			name = Debug;
		};
		018B77801ECD5D77003E25AF /* Release */ = {
			isa = XCBuildConfiguration;
			buildSettings = {
				ASSETCATALOG_COMPILER_APPICON_NAME = AppIcon;
				INFOPLIST_FILE = CrapsMobile/Info.plist;
				LD_RUNPATH_SEARCH_PATHS = "$(inherited) @executable_path/Frameworks";
				PRODUCT_BUNDLE_IDENTIFIER = com.sabring.CrapsMobile;
				PRODUCT_NAME = "$(TARGET_NAME)";
				SWIFT_VERSION = 3.0;
			};
			name = Release;
		};
		018B77821ECD5D77003E25AF /* Debug */ = {
			isa = XCBuildConfiguration;
			buildSettings = {
				ALWAYS_EMBED_SWIFT_STANDARD_LIBRARIES = YES;
				BUNDLE_LOADER = "$(TEST_HOST)";
				INFOPLIST_FILE = CrapsMobileTests/Info.plist;
				LD_RUNPATH_SEARCH_PATHS = "$(inherited) @executable_path/Frameworks @loader_path/Frameworks";
				PRODUCT_BUNDLE_IDENTIFIER = com.sabring.CrapsMobileTests;
				PRODUCT_NAME = "$(TARGET_NAME)";
				SWIFT_VERSION = 3.0;
				TEST_HOST = "$(BUILT_PRODUCTS_DIR)/CrapsMobile.app/CrapsMobile";
			};
			name = Debug;
		};
		018B77831ECD5D77003E25AF /* Release */ = {
			isa = XCBuildConfiguration;
			buildSettings = {
				ALWAYS_EMBED_SWIFT_STANDARD_LIBRARIES = YES;
				BUNDLE_LOADER = "$(TEST_HOST)";
				INFOPLIST_FILE = CrapsMobileTests/Info.plist;
				LD_RUNPATH_SEARCH_PATHS = "$(inherited) @executable_path/Frameworks @loader_path/Frameworks";
				PRODUCT_BUNDLE_IDENTIFIER = com.sabring.CrapsMobileTests;
				PRODUCT_NAME = "$(TARGET_NAME)";
				SWIFT_VERSION = 3.0;
				TEST_HOST = "$(BUILT_PRODUCTS_DIR)/CrapsMobile.app/CrapsMobile";
			};
			name = Release;
		};
		018B77851ECD5D77003E25AF /* Debug */ = {
			isa = XCBuildConfiguration;
			buildSettings = {
				ALWAYS_EMBED_SWIFT_STANDARD_LIBRARIES = YES;
				INFOPLIST_FILE = CrapsMobileUITests/Info.plist;
				LD_RUNPATH_SEARCH_PATHS = "$(inherited) @executable_path/Frameworks @loader_path/Frameworks";
				PRODUCT_BUNDLE_IDENTIFIER = com.sabring.CrapsMobileUITests;
				PRODUCT_NAME = "$(TARGET_NAME)";
				SWIFT_VERSION = 3.0;
				TEST_TARGET_NAME = CrapsMobile;
			};
			name = Debug;
		};
		018B77861ECD5D77003E25AF /* Release */ = {
			isa = XCBuildConfiguration;
			buildSettings = {
				ALWAYS_EMBED_SWIFT_STANDARD_LIBRARIES = YES;
				INFOPLIST_FILE = CrapsMobileUITests/Info.plist;
				LD_RUNPATH_SEARCH_PATHS = "$(inherited) @executable_path/Frameworks @loader_path/Frameworks";
				PRODUCT_BUNDLE_IDENTIFIER = com.sabring.CrapsMobileUITests;
				PRODUCT_NAME = "$(TARGET_NAME)";
				SWIFT_VERSION = 3.0;
				TEST_TARGET_NAME = CrapsMobile;
			};
			name = Release;
		};
/* End XCBuildConfiguration section */

/* Begin XCConfigurationList section */
		018B77511ECD5D76003E25AF /* Build configuration list for PBXProject "CrapsMobile" */ = {
			isa = XCConfigurationList;
			buildConfigurations = (
				018B777C1ECD5D77003E25AF /* Debug */,
				018B777D1ECD5D77003E25AF /* Release */,
			);
			defaultConfigurationIsVisible = 0;
			defaultConfigurationName = Release;
		};
		018B777E1ECD5D77003E25AF /* Build configuration list for PBXNativeTarget "CrapsMobile" */ = {
			isa = XCConfigurationList;
			buildConfigurations = (
				018B777F1ECD5D77003E25AF /* Debug */,
				018B77801ECD5D77003E25AF /* Release */,
			);
			defaultConfigurationIsVisible = 0;
			defaultConfigurationName = Release;
		};
		018B77811ECD5D77003E25AF /* Build configuration list for PBXNativeTarget "CrapsMobileTests" */ = {
			isa = XCConfigurationList;
			buildConfigurations = (
				018B77821ECD5D77003E25AF /* Debug */,
				018B77831ECD5D77003E25AF /* Release */,
			);
			defaultConfigurationIsVisible = 0;
			defaultConfigurationName = Release;
		};
		018B77841ECD5D77003E25AF /* Build configuration list for PBXNativeTarget "CrapsMobileUITests" */ = {
			isa = XCConfigurationList;
			buildConfigurations = (
				018B77851ECD5D77003E25AF /* Debug */,
				018B77861ECD5D77003E25AF /* Release */,
			);
			defaultConfigurationIsVisible = 0;
			defaultConfigurationName = Release;
		};
/* End XCConfigurationList section */
	};
	rootObject = 018B774E1ECD5D76003E25AF /* Project object */;
}
